
Microsoft Visual Studio Solution File, Format Version 12.00
# Visual Studio Version 16
VisualStudioVersion = 16.0.29418.71
MinimumVisualStudioVersion = 10.0.40219.1
Project("{FAE04EC0-301F-11D3-BF4B-00C04F79EFBC}") = "GulfShoreGraphics", "GulfShoreGraphics\GulfShoreGraphics.csproj", "{9FCBCD3F-4133-4E47-8D15-CC623B4441BE}"
EndProject
Global
	GlobalSection(SolutionConfigurationPlatforms) = preSolution
		Debug|Any CPU = Debug|Any CPU
		Release|Any CPU = Release|Any CPU
	EndGlobalSection
	GlobalSection(ProjectConfigurationPlatforms) = postSolution
		{9FCBCD3F-4133-4E47-8D15-CC623B4441BE}.Debug|Any CPU.ActiveCfg = Debug|Any CPU
		{9FCBCD3F-4133-4E47-8D15-CC623B4441BE}.Debug|Any CPU.Build.0 = Debug|Any CPU
		{9FCBCD3F-4133-4E47-8D15-CC623B4441BE}.Release|Any CPU.ActiveCfg = Release|Any CPU
		{9FCBCD3F-4133-4E47-8D15-CC623B4441BE}.Release|Any CPU.Build.0 = Release|Any CPU
	EndGlobalSection
	GlobalSection(SolutionProperties) = preSolution
		HideSolutionNode = FALSE
	EndGlobalSection
	GlobalSection(ExtensibilityGlobals) = postSolution
		SolutionGuid = {92A4E706-0376-4FA7-8003-BC292C6499CB}
	EndGlobalSection
EndGlobal
